uuid: 201643c1-6885-46fd-8fb9-8972e5dbe72d
langcode: es
status: true
dependencies:
  config:
    - field.storage.node.field_content_block
    - node.type.resources
    - taxonomy.vocabulary.content_block_resources
id: node.resources.field_content_block
field_name: field_content_block
entity_type: node
bundle: resources
label: 'Bloque de Contenido'
description: ''
required: false
translatable: false
default_value: {  }
default_value_callback: ''
settings:
  handler: 'default:taxonomy_term'
  handler_settings:
    target_bundles:
      content_block_resources: content_block_resources
    sort:
      field: name
      direction: asc
    auto_create: false
    auto_create_bundle: ''
field_type: entity_reference
